
Microsoft Visual Studio Solution File, Format Version 11.00
# Visual Studio 2010
Project("{FAE04EC0-301F-11D3-BF4B-00C04F79EFBC}") = "Cons_Поток_2", "Cons_Поток_2\Cons_Поток_2.csproj", "{FDF65A0B-2AE0-4514-8004-A2ECBDD4704D}"
EndProject
Global
	GlobalSection(SolutionConfigurationPlatforms) = preSolution
		Debug|Any CPU = Debug|Any CPU
		Release|Any CPU = Release|Any CPU
	EndGlobalSection
	GlobalSection(ProjectConfigurationPlatforms) = postSolution
		{FDF65A0B-2AE0-4514-8004-A2ECBDD4704D}.Debug|Any CPU.ActiveCfg = Debug|Any CPU
		{FDF65A0B-2AE0-4514-8004-A2ECBDD4704D}.Debug|Any CPU.Build.0 = Debug|Any CPU
		{FDF65A0B-2AE0-4514-8004-A2ECBDD4704D}.Release|Any CPU.ActiveCfg = Release|Any CPU
		{FDF65A0B-2AE0-4514-8004-A2ECBDD4704D}.Release|Any CPU.Build.0 = Release|Any CPU
	EndGlobalSection
	GlobalSection(SolutionProperties) = preSolution
		HideSolutionNode = FALSE
	EndGlobalSection
EndGlobal
