
Microsoft Visual Studio Solution File, Format Version 12.00
# Visual Studio Version 16
VisualStudioVersion = 16.0.30523.141
MinimumVisualStudioVersion = 10.0.40219.1
Project("{2150E333-8FDC-42A3-9474-1A3956D46DE8}") = "WF.Lesson01", "WF.Lesson01", "{10C4BEFB-0B05-472D-822E-AF6631886DCE}"
EndProject
Project("{FAE04EC0-301F-11D3-BF4B-00C04F79EFBC}") = "WF.Lesson01.Ex01.HelloWorld", "WF.Lessons\Lesson01\WF.Lesson01.Ex01.HelloWorld\WF.Lesson01.Ex01.HelloWorld.csproj", "{4D7B7A6D-4121-4940-8F28-2D8D3502F0BC}"
EndProject
Project("{FAE04EC0-301F-11D3-BF4B-00C04F79EFBC}") = "WF.Lesson01.Ex02.SimpleWinFormsApp", "WF.Lessons\Lesson01\WF.Lesson01.Ex02.SimpleWinFormsApp\WF.Lesson01.Ex02.SimpleWinFormsApp.csproj", "{E73D0CDF-7252-4FA3-BBB5-E002A502EE68}"
EndProject
Project("{FAE04EC0-301F-11D3-BF4B-00C04F79EFBC}") = "WF.Lesson01.Ex03.ButtonExample", "WF.Lessons\Lesson01\WF.Lesson01.Ex03.ButtonExample\WF.Lesson01.Ex03.ButtonExample.csproj", "{6AFB1C74-B173-463E-B447-FEAD8AEEAA21}"
EndProject
Project("{FAE04EC0-301F-11D3-BF4B-00C04F79EFBC}") = "WF.Lesson01.Ex04.SimpleVSWinFormsApp", "WF.Lessons\Lesson01\WF.Lesson01.Ex04.SimpleVSWinFormsApp\WF.Lesson01.Ex04.SimpleVSWinFormsApp.csproj", "{F84F19F4-96BF-4FB5-980C-DD35E89EF6B7}"
EndProject
Project("{FAE04EC0-301F-11D3-BF4B-00C04F79EFBC}") = "WF.Lesson01.Ex05.FormsClose", "WF.Lessons\Lesson01\WF.Lesson01.Ex05.FormsClose\WF.Lesson01.Ex05.FormsClose.csproj", "{5C1FBAD0-3EF9-4B8A-8E32-F840393C91B1}"
EndProject
Project("{FAE04EC0-301F-11D3-BF4B-00C04F79EFBC}") = "WF.Lesson01.Ex06.WinFormsAppScr", "WF.Lessons\Lesson01\WF.Lesson01.Ex06.WinFormsAppScr\WF.Lesson01.Ex06.WinFormsAppScr.csproj", "{DFD3C5FA-3F51-479D-86E6-25F5975ECD19}"
EndProject
Project("{2150E333-8FDC-42A3-9474-1A3956D46DE8}") = "WF.Lab01", "WF.Lab01", "{B7CDB18A-D55F-4646-B86E-24D09E355B48}"
EndProject
Project("{FAE04EC0-301F-11D3-BF4B-00C04F79EFBC}") = "WF.Lab01.Ex01.RectangularWin", "WF.Labs\Lab01\WF.Lab01.Ex01.RectangularWin\WF.Lab01.Ex01.RectangularWin.csproj", "{B468D521-956A-49C9-B47E-8BBB4760F86D}"
EndProject
Project("{FAE04EC0-301F-11D3-BF4B-00C04F79EFBC}") = "WF.Lab01.Ex02.NotRectangularWinForm", "WF.Labs\Lab01\WF.Lab01.Ex02.NotRectangularWinForm\WF.Lab01.Ex02.NotRectangularWinForm.csproj", "{0351F6B3-555D-4828-AE03-976DBE46DF73}"
EndProject
Project("{FAE04EC0-301F-11D3-BF4B-00C04F79EFBC}") = "WF.Lab01.Ex03.InheritanceForm", "WF.Labs\Lab01\WF.Lab01.Ex03.InheritanceForm\WF.Lab01.Ex03.InheritanceForm.csproj", "{1C21745D-8AC8-40AB-BA58-6C3E26AE1F32}"
EndProject
Project("{FAE04EC0-301F-11D3-BF4B-00C04F79EFBC}") = "WF.Lab01.Ex04.MdiApplication", "WF.Labs\Lab01\WF.Lab01.Ex04.MdiApplication\WF.Lab01.Ex04.MdiApplication.csproj", "{124CB86F-7A3E-4313-B4C2-CB6ABA9F9383}"
EndProject
Project("{2150E333-8FDC-42A3-9474-1A3956D46DE8}") = "WF.Lesson02", "WF.Lesson02", "{A2F02751-4009-4667-BB82-55C528860041}"
EndProject
Project("{FAE04EC0-301F-11D3-BF4B-00C04F79EFBC}") = "WF.Lesson02.Ex01.FormsClose", "WF.Lessons\Lesson02\WF.Lesson02.Ex01.FormsClose\WF.Lesson02.Ex01.FormsClose.csproj", "{870483AF-A235-40B1-A1A2-8BCD26998192}"
EndProject
Project("{FAE04EC0-301F-11D3-BF4B-00C04F79EFBC}") = "WF.Lesson02.Ex02.WinFormsSingleton", "WF.Lessons\Lesson02\WF.Lesson02.Ex02.WinFormsSingleton\WF.Lesson02.Ex02.WinFormsSingleton.csproj", "{F308CE45-E8F4-4134-BCDD-E10C75D28830}"
EndProject
Project("{FAE04EC0-301F-11D3-BF4B-00C04F79EFBC}") = "WF.Lesson02.Ex03.ButtonExample", "WF.Lessons\Lesson02\WF.Lesson02.Ex03.ButtonExample\WF.Lesson02.Ex03.ButtonExample.csproj", "{EFDD7E78-8E3E-4675-A879-43ECF3DD0862}"
EndProject
Project("{FAE04EC0-301F-11D3-BF4B-00C04F79EFBC}") = "WF.Lesson02.Ex04.MDI_primDemo", "WF.Lessons\Lesson02\WF.Lesson02.Ex04.MDI_primDemo\WF.Lesson02.Ex04.MDI_primDemo.csproj", "{17EC02A7-DDAD-4E2E-AA9A-C1FC2392089D}"
EndProject
Project("{FAE04EC0-301F-11D3-BF4B-00C04F79EFBC}") = "WF.Lesson02.Ex05.ClasswithEvent", "WF.Lessons\Lesson02\WF.Lesson02.Ex05.ClasswithEvent\WF.Lesson02.Ex05.ClasswithEvent.csproj", "{3C2CF5CF-09C9-4446-8968-230FB4BC315C}"
EndProject
Project("{FAE04EC0-301F-11D3-BF4B-00C04F79EFBC}") = "WF.Lesson02.Ex06.GameDia", "WF.Lessons\Lesson02\WF.Lesson02.Ex06.GameDia\WF.Lesson02.Ex06.GameDia.csproj", "{3BF7A17A-CAD1-47DC-BC4F-F891ABB2CFA7}"
EndProject
Project("{FAE04EC0-301F-11D3-BF4B-00C04F79EFBC}") = "WF.Lesson02.Ex07.EventHandlerPerson", "WF.Lessons\Lesson02\WF.Lesson02.Ex07.EventHandlerPerson\WF.Lesson02.Ex07.EventHandlerPerson.csproj", "{22779E96-782E-4EC3-9D2D-E53892AF65A2}"
EndProject
Project("{FAE04EC0-301F-11D3-BF4B-00C04F79EFBC}") = "WF.Lesson02.Ex08.Sample_Delegate", "WF.Lessons\Lesson02\WF.Lesson02.Ex08.Sample_Delegate\WF.Lesson02.Ex08.Sample_Delegate.csproj", "{4DA264D2-FC28-4358-B7FA-D45D4A9C653F}"
EndProject
Project("{FAE04EC0-301F-11D3-BF4B-00C04F79EFBC}") = "WF.Lesson02.Ex09.ManyButtons", "WF.Lessons\Lesson02\WF.Lesson02.Ex09.ManyButtons\WF.Lesson02.Ex09.ManyButtons.csproj", "{CC990B92-7C53-4058-B68A-2D300C6881D9}"
EndProject
Project("{FAE04EC0-301F-11D3-BF4B-00C04F79EFBC}") = "WF.Lesson02.Ex10.ButtonNewButton", "WF.Lessons\Lesson02\WF.Lesson02.Ex10.ButtonNewButton\WF.Lesson02.Ex10.ButtonNewButton.csproj", "{D2D8CF21-F2EA-417A-8F39-0A771E75C418}"
EndProject
Project("{FAE04EC0-301F-11D3-BF4B-00C04F79EFBC}") = "WF.Lab01.Ex05.Task01.UseForm.Elipse", "WF.Labs\Lab01\WF.Lab01.Ex05.Task01.UseForm.Elipse\WF.Lab01.Ex05.Task01.UseForm.Elipse.csproj", "{53FBF91E-D146-4B6F-873E-A96518ED5814}"
EndProject
Project("{FAE04EC0-301F-11D3-BF4B-00C04F79EFBC}") = "WF.Lab01.Ex05.Task02.UseForm.FullForm", "WF.Labs\Lab01\WF.Lab01.Ex05.Task02.UseForm.Romb\WF.Lab01.Ex05.Task02.UseForm.FullForm.csproj", "{A8F33B5F-4002-4D01-98DE-D073CF56371C}"
EndProject
Project("{FAE04EC0-301F-11D3-BF4B-00C04F79EFBC}") = "WF.Lab01.Ex05.Task03.UseForm.ElasticForm", "WF.Labs\Lab01\WF.Lab01.Ex05.Task03.UseForm.ElasticForm\WF.Lab01.Ex05.Task03.UseForm.ElasticForm.csproj", "{F661DC5E-4407-4989-865B-F3B97A9EAB76}"
EndProject
Project("{2150E333-8FDC-42A3-9474-1A3956D46DE8}") = "WF.Lesson03", "WF.Lesson03", "{F6694D8E-3A4D-41BD-9D48-40A75E3BDA20}"
EndProject
Project("{FAE04EC0-301F-11D3-BF4B-00C04F79EFBC}") = "WF.Lesson03.Ex01.MDI_primDemo", "WF.Lessons\Lesson03\WF.Lesson02.Ex01.MDI_primDemo\WF.Lesson03.Ex01.MDI_primDemo.csproj", "{157A583C-4CE3-42CE-8D53-9D31A9A7A38A}"
EndProject
Project("{FAE04EC0-301F-11D3-BF4B-00C04F79EFBC}") = "WF.Lesson03.Ex02.WinApp_811072_передача между формами_h", "WF.Lessons\Lesson03\WF.Lesson03.Ex02.WindowsApplication_811072\WF.Lesson03.Ex02.WinApp_811072_передача между формами_h.csproj", "{98B2E296-2D23-4C76-8490-CA8E7A3F63EF}"
EndProject
Project("{FAE04EC0-301F-11D3-BF4B-00C04F79EFBC}") = "WF.Lesson03.Ex03.SaveFile", "WF.Lessons\Lesson03\WF.Lesson03.Ex03.SaveFile\WF.Lesson03.Ex03.SaveFile.csproj", "{08982D3E-1ABB-4FD5-9552-6200A99BC8C1}"
EndProject
Project("{FAE04EC0-301F-11D3-BF4B-00C04F79EFBC}") = "WF.Lesson03.Ex04.WinForms_Operation", "WF.Lessons\Lesson03\WF.Lesson03.Ex04.WinForms_Operation\WF.Lesson03.Ex04.WinForms_Operation.csproj", "{56FD8D72-6EE1-46C8-ADD6-C19DA3CCFFE5}"
EndProject
Project("{FAE04EC0-301F-11D3-BF4B-00C04F79EFBC}") = "WF.Lesson03.Ex05.ButLibDLL", "WF.Lessons\Lesson03\WF.Lesson03.Ex05.ButLibDLL\WF.Lesson03.Ex05.ButLibDLL.csproj", "{A7C91D82-A4F9-4C4E-859A-BF4E025138FA}"
EndProject
Project("{FAE04EC0-301F-11D3-BF4B-00C04F79EFBC}") = "WF.Lesson03.Ex05.WinFormsApp", "WF.Lessons\Lesson03\WF.Lesson03.Ex05.WinFormsApp\WF.Lesson03.Ex05.WinFormsApp.csproj", "{A87CE9CF-D850-46C4-B2DF-F94894E0A97F}"
EndProject
Project("{FAE04EC0-301F-11D3-BF4B-00C04F79EFBC}") = "WF.Lesson03.Ex06.TextBoxClearDLL", "WF.Lessons\Lesson03\WF.Lesson03.Ex06.TextBoxClearDLL\WF.Lesson03.Ex06.TextBoxClearDLL.csproj", "{BB452965-4C8E-4BC8-9370-A29393581617}"
EndProject
Project("{FAE04EC0-301F-11D3-BF4B-00C04F79EFBC}") = "WF.Lesson03.Ex06.TextBoxClearTest", "WF.Lessons\Lesson03\WF.Lesson03.Ex06.TextBoxClearTest\WF.Lesson03.Ex06.TextBoxClearTest.csproj", "{6AD0179E-1692-4C54-B13F-7865CDF5B395}"
EndProject
Project("{FAE04EC0-301F-11D3-BF4B-00C04F79EFBC}") = "WF.Lesson03.Ex07.ControlsDLL", "WF.Lessons\Lesson03\WF.Lesson03.Ex07.Controls_\Controls\WF.Lesson03.Ex07.ControlsDLL.csproj", "{5210B13C-A535-41A0-B260-85C1FF8DB5C6}"
EndProject
Project("{FAE04EC0-301F-11D3-BF4B-00C04F79EFBC}") = "WF.Lesson03.Ex07.Controls_Host", "WF.Lessons\Lesson03\WF.Lesson03.Ex07.Controls_\Controls_Host\WF.Lesson03.Ex07.Controls_Host.csproj", "{6CA15692-7330-4AAC-93A2-8B10A63A13FC}"
EndProject
Project("{FAE04EC0-301F-11D3-BF4B-00C04F79EFBC}") = "WF.Lesson03.Ex08.SupperButton", "WF.Lessons\Lesson03\WF.Lesson03.Ex08.SupperButton\WF.Lesson03.Ex08.SupperButton.csproj", "{56A4A56E-0459-44F7-87C0-C639F18E8A33}"
EndProject
Project("{FAE04EC0-301F-11D3-BF4B-00C04F79EFBC}") = "WF.Lesson03.Ex08.SupperButtonDLL", "WF.Lessons\Lesson03\WF.Lesson03.Ex08.SupperButtonDLL\WF.Lesson03.Ex08.SupperButtonDLL.csproj", "{477134BC-5743-4FBB-A98D-719DCA29DDE0}"
EndProject
Project("{FAE04EC0-301F-11D3-BF4B-00C04F79EFBC}") = "WF.Lesson03.Ex09.OuthsNCrosses", "WF.Lessons\Lesson03\WF.Lesson03.Ex09.OuthsNCrosses\WF.Lesson03.Ex09.OuthsNCrosses.csproj", "{ECC1177B-3056-458C-8815-43DE392D0800}"
EndProject
Project("{2150E333-8FDC-42A3-9474-1A3956D46DE8}") = "WF.Lab02", "WF.Lab02", "{7B811E7B-5488-4714-B7C1-A1B40CD084BA}"
EndProject
Project("{FAE04EC0-301F-11D3-BF4B-00C04F79EFBC}") = "WF.Lab02.Ex01.EventClick", "WF.Labs\Lab02\WF.Lab02.Ex01.EventClick\WF.Lab02.Ex01.EventClick.csproj", "{44025155-8613-4994-BFB2-C16A7F0CF9AE}"
EndProject
Project("{FAE04EC0-301F-11D3-BF4B-00C04F79EFBC}") = "WF.Lab02.Ex02.ListBox", "WF.Labs\Lab02\WF.Lab02.Ex02.ListBox\WF.Lab02.Ex02.ListBox.csproj", "{C9FCB7F4-C88A-4AE9-88D4-9116820DDF5A}"
EndProject
Project("{FAE04EC0-301F-11D3-BF4B-00C04F79EFBC}") = "WF.Lab02.Ex03.ToolStrip", "WF.Labs\Lab02\WF.Lab02.Ex03.ToolStrip\WF.Lab02.Ex03.ToolStrip.csproj", "{30016327-8544-4255-9E05-C2E5F8BE0BB0}"
EndProject
Project("{FAE04EC0-301F-11D3-BF4B-00C04F79EFBC}") = "WF.Lab02.Ex04.StatusStrip", "WF.Labs\Lab02\WF.Lab02.Ex04.StatusStrip\WF.Lab02.Ex04.StatusStrip.csproj", "{8A5EC847-5D87-43C5-835B-57C572094C36}"
EndProject
Project("{FAE04EC0-301F-11D3-BF4B-00C04F79EFBC}") = "WF.Lab02.Ex05.GroupBox", "WF.Labs\Lab02\WF.Lab02.Ex05.GroupBox\WF.Lab02.Ex05.GroupBox.csproj", "{5393BA4B-6F33-4DC3-8A81-22A21FAF2C4F}"
EndProject
Global
	GlobalSection(SolutionConfigurationPlatforms) = preSolution
		Debug|Any CPU = Debug|Any CPU
		Debug|x86 = Debug|x86
		Release|Any CPU = Release|Any CPU
		Release|x86 = Release|x86
	EndGlobalSection
	GlobalSection(ProjectConfigurationPlatforms) = postSolution
		{4D7B7A6D-4121-4940-8F28-2D8D3502F0BC}.Debug|Any CPU.ActiveCfg = Debug|Any CPU
		{4D7B7A6D-4121-4940-8F28-2D8D3502F0BC}.Debug|Any CPU.Build.0 = Debug|Any CPU
		{4D7B7A6D-4121-4940-8F28-2D8D3502F0BC}.Debug|x86.ActiveCfg = Debug|Any CPU
		{4D7B7A6D-4121-4940-8F28-2D8D3502F0BC}.Debug|x86.Build.0 = Debug|Any CPU
		{4D7B7A6D-4121-4940-8F28-2D8D3502F0BC}.Release|Any CPU.ActiveCfg = Release|Any CPU
		{4D7B7A6D-4121-4940-8F28-2D8D3502F0BC}.Release|Any CPU.Build.0 = Release|Any CPU
		{4D7B7A6D-4121-4940-8F28-2D8D3502F0BC}.Release|x86.ActiveCfg = Release|Any CPU
		{4D7B7A6D-4121-4940-8F28-2D8D3502F0BC}.Release|x86.Build.0 = Release|Any CPU
		{E73D0CDF-7252-4FA3-BBB5-E002A502EE68}.Debug|Any CPU.ActiveCfg = Debug|Any CPU
		{E73D0CDF-7252-4FA3-BBB5-E002A502EE68}.Debug|Any CPU.Build.0 = Debug|Any CPU
		{E73D0CDF-7252-4FA3-BBB5-E002A502EE68}.Debug|x86.ActiveCfg = Debug|Any CPU
		{E73D0CDF-7252-4FA3-BBB5-E002A502EE68}.Debug|x86.Build.0 = Debug|Any CPU
		{E73D0CDF-7252-4FA3-BBB5-E002A502EE68}.Release|Any CPU.ActiveCfg = Release|Any CPU
		{E73D0CDF-7252-4FA3-BBB5-E002A502EE68}.Release|Any CPU.Build.0 = Release|Any CPU
		{E73D0CDF-7252-4FA3-BBB5-E002A502EE68}.Release|x86.ActiveCfg = Release|Any CPU
		{E73D0CDF-7252-4FA3-BBB5-E002A502EE68}.Release|x86.Build.0 = Release|Any CPU
		{6AFB1C74-B173-463E-B447-FEAD8AEEAA21}.Debug|Any CPU.ActiveCfg = Debug|Any CPU
		{6AFB1C74-B173-463E-B447-FEAD8AEEAA21}.Debug|Any CPU.Build.0 = Debug|Any CPU
		{6AFB1C74-B173-463E-B447-FEAD8AEEAA21}.Debug|x86.ActiveCfg = Debug|Any CPU
		{6AFB1C74-B173-463E-B447-FEAD8AEEAA21}.Debug|x86.Build.0 = Debug|Any CPU
		{6AFB1C74-B173-463E-B447-FEAD8AEEAA21}.Release|Any CPU.ActiveCfg = Release|Any CPU
		{6AFB1C74-B173-463E-B447-FEAD8AEEAA21}.Release|Any CPU.Build.0 = Release|Any CPU
		{6AFB1C74-B173-463E-B447-FEAD8AEEAA21}.Release|x86.ActiveCfg = Release|Any CPU
		{6AFB1C74-B173-463E-B447-FEAD8AEEAA21}.Release|x86.Build.0 = Release|Any CPU
		{F84F19F4-96BF-4FB5-980C-DD35E89EF6B7}.Debug|Any CPU.ActiveCfg = Debug|x86
		{F84F19F4-96BF-4FB5-980C-DD35E89EF6B7}.Debug|x86.ActiveCfg = Debug|x86
		{F84F19F4-96BF-4FB5-980C-DD35E89EF6B7}.Debug|x86.Build.0 = Debug|x86
		{F84F19F4-96BF-4FB5-980C-DD35E89EF6B7}.Release|Any CPU.ActiveCfg = Release|x86
		{F84F19F4-96BF-4FB5-980C-DD35E89EF6B7}.Release|x86.ActiveCfg = Release|x86
		{F84F19F4-96BF-4FB5-980C-DD35E89EF6B7}.Release|x86.Build.0 = Release|x86
		{5C1FBAD0-3EF9-4B8A-8E32-F840393C91B1}.Debug|Any CPU.ActiveCfg = Debug|x86
		{5C1FBAD0-3EF9-4B8A-8E32-F840393C91B1}.Debug|x86.ActiveCfg = Debug|x86
		{5C1FBAD0-3EF9-4B8A-8E32-F840393C91B1}.Debug|x86.Build.0 = Debug|x86
		{5C1FBAD0-3EF9-4B8A-8E32-F840393C91B1}.Release|Any CPU.ActiveCfg = Release|x86
		{5C1FBAD0-3EF9-4B8A-8E32-F840393C91B1}.Release|x86.ActiveCfg = Release|x86
		{5C1FBAD0-3EF9-4B8A-8E32-F840393C91B1}.Release|x86.Build.0 = Release|x86
		{DFD3C5FA-3F51-479D-86E6-25F5975ECD19}.Debug|Any CPU.ActiveCfg = Debug|Any CPU
		{DFD3C5FA-3F51-479D-86E6-25F5975ECD19}.Debug|Any CPU.Build.0 = Debug|Any CPU
		{DFD3C5FA-3F51-479D-86E6-25F5975ECD19}.Debug|x86.ActiveCfg = Debug|Any CPU
		{DFD3C5FA-3F51-479D-86E6-25F5975ECD19}.Debug|x86.Build.0 = Debug|Any CPU
		{DFD3C5FA-3F51-479D-86E6-25F5975ECD19}.Release|Any CPU.ActiveCfg = Release|Any CPU
		{DFD3C5FA-3F51-479D-86E6-25F5975ECD19}.Release|Any CPU.Build.0 = Release|Any CPU
		{DFD3C5FA-3F51-479D-86E6-25F5975ECD19}.Release|x86.ActiveCfg = Release|Any CPU
		{DFD3C5FA-3F51-479D-86E6-25F5975ECD19}.Release|x86.Build.0 = Release|Any CPU
		{B468D521-956A-49C9-B47E-8BBB4760F86D}.Debug|Any CPU.ActiveCfg = Debug|Any CPU
		{B468D521-956A-49C9-B47E-8BBB4760F86D}.Debug|Any CPU.Build.0 = Debug|Any CPU
		{B468D521-956A-49C9-B47E-8BBB4760F86D}.Debug|x86.ActiveCfg = Debug|Any CPU
		{B468D521-956A-49C9-B47E-8BBB4760F86D}.Debug|x86.Build.0 = Debug|Any CPU
		{B468D521-956A-49C9-B47E-8BBB4760F86D}.Release|Any CPU.ActiveCfg = Release|Any CPU
		{B468D521-956A-49C9-B47E-8BBB4760F86D}.Release|Any CPU.Build.0 = Release|Any CPU
		{B468D521-956A-49C9-B47E-8BBB4760F86D}.Release|x86.ActiveCfg = Release|Any CPU
		{B468D521-956A-49C9-B47E-8BBB4760F86D}.Release|x86.Build.0 = Release|Any CPU
		{0351F6B3-555D-4828-AE03-976DBE46DF73}.Debug|Any CPU.ActiveCfg = Debug|Any CPU
		{0351F6B3-555D-4828-AE03-976DBE46DF73}.Debug|Any CPU.Build.0 = Debug|Any CPU
		{0351F6B3-555D-4828-AE03-976DBE46DF73}.Debug|x86.ActiveCfg = Debug|Any CPU
		{0351F6B3-555D-4828-AE03-976DBE46DF73}.Debug|x86.Build.0 = Debug|Any CPU
		{0351F6B3-555D-4828-AE03-976DBE46DF73}.Release|Any CPU.ActiveCfg = Release|Any CPU
		{0351F6B3-555D-4828-AE03-976DBE46DF73}.Release|Any CPU.Build.0 = Release|Any CPU
		{0351F6B3-555D-4828-AE03-976DBE46DF73}.Release|x86.ActiveCfg = Release|Any CPU
		{0351F6B3-555D-4828-AE03-976DBE46DF73}.Release|x86.Build.0 = Release|Any CPU
		{1C21745D-8AC8-40AB-BA58-6C3E26AE1F32}.Debug|Any CPU.ActiveCfg = Debug|Any CPU
		{1C21745D-8AC8-40AB-BA58-6C3E26AE1F32}.Debug|Any CPU.Build.0 = Debug|Any CPU
		{1C21745D-8AC8-40AB-BA58-6C3E26AE1F32}.Debug|x86.ActiveCfg = Debug|Any CPU
		{1C21745D-8AC8-40AB-BA58-6C3E26AE1F32}.Debug|x86.Build.0 = Debug|Any CPU
		{1C21745D-8AC8-40AB-BA58-6C3E26AE1F32}.Release|Any CPU.ActiveCfg = Release|Any CPU
		{1C21745D-8AC8-40AB-BA58-6C3E26AE1F32}.Release|Any CPU.Build.0 = Release|Any CPU
		{1C21745D-8AC8-40AB-BA58-6C3E26AE1F32}.Release|x86.ActiveCfg = Release|Any CPU
		{1C21745D-8AC8-40AB-BA58-6C3E26AE1F32}.Release|x86.Build.0 = Release|Any CPU
		{124CB86F-7A3E-4313-B4C2-CB6ABA9F9383}.Debug|Any CPU.ActiveCfg = Debug|Any CPU
		{124CB86F-7A3E-4313-B4C2-CB6ABA9F9383}.Debug|Any CPU.Build.0 = Debug|Any CPU
		{124CB86F-7A3E-4313-B4C2-CB6ABA9F9383}.Debug|x86.ActiveCfg = Debug|Any CPU
		{124CB86F-7A3E-4313-B4C2-CB6ABA9F9383}.Debug|x86.Build.0 = Debug|Any CPU
		{124CB86F-7A3E-4313-B4C2-CB6ABA9F9383}.Release|Any CPU.ActiveCfg = Release|Any CPU
		{124CB86F-7A3E-4313-B4C2-CB6ABA9F9383}.Release|Any CPU.Build.0 = Release|Any CPU
		{124CB86F-7A3E-4313-B4C2-CB6ABA9F9383}.Release|x86.ActiveCfg = Release|Any CPU
		{124CB86F-7A3E-4313-B4C2-CB6ABA9F9383}.Release|x86.Build.0 = Release|Any CPU
		{870483AF-A235-40B1-A1A2-8BCD26998192}.Debug|Any CPU.ActiveCfg = Debug|x86
		{870483AF-A235-40B1-A1A2-8BCD26998192}.Debug|x86.ActiveCfg = Debug|x86
		{870483AF-A235-40B1-A1A2-8BCD26998192}.Debug|x86.Build.0 = Debug|x86
		{870483AF-A235-40B1-A1A2-8BCD26998192}.Release|Any CPU.ActiveCfg = Release|x86
		{870483AF-A235-40B1-A1A2-8BCD26998192}.Release|x86.ActiveCfg = Release|x86
		{870483AF-A235-40B1-A1A2-8BCD26998192}.Release|x86.Build.0 = Release|x86
		{F308CE45-E8F4-4134-BCDD-E10C75D28830}.Debug|Any CPU.ActiveCfg = Debug|Any CPU
		{F308CE45-E8F4-4134-BCDD-E10C75D28830}.Debug|Any CPU.Build.0 = Debug|Any CPU
		{F308CE45-E8F4-4134-BCDD-E10C75D28830}.Debug|x86.ActiveCfg = Debug|Any CPU
		{F308CE45-E8F4-4134-BCDD-E10C75D28830}.Debug|x86.Build.0 = Debug|Any CPU
		{F308CE45-E8F4-4134-BCDD-E10C75D28830}.Release|Any CPU.ActiveCfg = Release|Any CPU
		{F308CE45-E8F4-4134-BCDD-E10C75D28830}.Release|Any CPU.Build.0 = Release|Any CPU
		{F308CE45-E8F4-4134-BCDD-E10C75D28830}.Release|x86.ActiveCfg = Release|Any CPU
		{F308CE45-E8F4-4134-BCDD-E10C75D28830}.Release|x86.Build.0 = Release|Any CPU
		{EFDD7E78-8E3E-4675-A879-43ECF3DD0862}.Debug|Any CPU.ActiveCfg = Debug|Any CPU
		{EFDD7E78-8E3E-4675-A879-43ECF3DD0862}.Debug|Any CPU.Build.0 = Debug|Any CPU
		{EFDD7E78-8E3E-4675-A879-43ECF3DD0862}.Debug|x86.ActiveCfg = Debug|Any CPU
		{EFDD7E78-8E3E-4675-A879-43ECF3DD0862}.Debug|x86.Build.0 = Debug|Any CPU
		{EFDD7E78-8E3E-4675-A879-43ECF3DD0862}.Release|Any CPU.ActiveCfg = Release|Any CPU
		{EFDD7E78-8E3E-4675-A879-43ECF3DD0862}.Release|Any CPU.Build.0 = Release|Any CPU
		{EFDD7E78-8E3E-4675-A879-43ECF3DD0862}.Release|x86.ActiveCfg = Release|Any CPU
		{EFDD7E78-8E3E-4675-A879-43ECF3DD0862}.Release|x86.Build.0 = Release|Any CPU
		{17EC02A7-DDAD-4E2E-AA9A-C1FC2392089D}.Debug|Any CPU.ActiveCfg = Debug|Any CPU
		{17EC02A7-DDAD-4E2E-AA9A-C1FC2392089D}.Debug|Any CPU.Build.0 = Debug|Any CPU
		{17EC02A7-DDAD-4E2E-AA9A-C1FC2392089D}.Debug|x86.ActiveCfg = Debug|Any CPU
		{17EC02A7-DDAD-4E2E-AA9A-C1FC2392089D}.Debug|x86.Build.0 = Debug|Any CPU
		{17EC02A7-DDAD-4E2E-AA9A-C1FC2392089D}.Release|Any CPU.ActiveCfg = Release|Any CPU
		{17EC02A7-DDAD-4E2E-AA9A-C1FC2392089D}.Release|Any CPU.Build.0 = Release|Any CPU
		{17EC02A7-DDAD-4E2E-AA9A-C1FC2392089D}.Release|x86.ActiveCfg = Release|Any CPU
		{17EC02A7-DDAD-4E2E-AA9A-C1FC2392089D}.Release|x86.Build.0 = Release|Any CPU
		{3C2CF5CF-09C9-4446-8968-230FB4BC315C}.Debug|Any CPU.ActiveCfg = Debug|Any CPU
		{3C2CF5CF-09C9-4446-8968-230FB4BC315C}.Debug|Any CPU.Build.0 = Debug|Any CPU
		{3C2CF5CF-09C9-4446-8968-230FB4BC315C}.Debug|x86.ActiveCfg = Debug|Any CPU
		{3C2CF5CF-09C9-4446-8968-230FB4BC315C}.Debug|x86.Build.0 = Debug|Any CPU
		{3C2CF5CF-09C9-4446-8968-230FB4BC315C}.Release|Any CPU.ActiveCfg = Release|Any CPU
		{3C2CF5CF-09C9-4446-8968-230FB4BC315C}.Release|Any CPU.Build.0 = Release|Any CPU
		{3C2CF5CF-09C9-4446-8968-230FB4BC315C}.Release|x86.ActiveCfg = Release|Any CPU
		{3C2CF5CF-09C9-4446-8968-230FB4BC315C}.Release|x86.Build.0 = Release|Any CPU
		{3BF7A17A-CAD1-47DC-BC4F-F891ABB2CFA7}.Debug|Any CPU.ActiveCfg = Debug|Any CPU
		{3BF7A17A-CAD1-47DC-BC4F-F891ABB2CFA7}.Debug|Any CPU.Build.0 = Debug|Any CPU
		{3BF7A17A-CAD1-47DC-BC4F-F891ABB2CFA7}.Debug|x86.ActiveCfg = Debug|Any CPU
		{3BF7A17A-CAD1-47DC-BC4F-F891ABB2CFA7}.Debug|x86.Build.0 = Debug|Any CPU
		{3BF7A17A-CAD1-47DC-BC4F-F891ABB2CFA7}.Release|Any CPU.ActiveCfg = Release|Any CPU
		{3BF7A17A-CAD1-47DC-BC4F-F891ABB2CFA7}.Release|Any CPU.Build.0 = Release|Any CPU
		{3BF7A17A-CAD1-47DC-BC4F-F891ABB2CFA7}.Release|x86.ActiveCfg = Release|Any CPU
		{3BF7A17A-CAD1-47DC-BC4F-F891ABB2CFA7}.Release|x86.Build.0 = Release|Any CPU
		{22779E96-782E-4EC3-9D2D-E53892AF65A2}.Debug|Any CPU.ActiveCfg = Debug|Any CPU
		{22779E96-782E-4EC3-9D2D-E53892AF65A2}.Debug|Any CPU.Build.0 = Debug|Any CPU
		{22779E96-782E-4EC3-9D2D-E53892AF65A2}.Debug|x86.ActiveCfg = Debug|Any CPU
		{22779E96-782E-4EC3-9D2D-E53892AF65A2}.Debug|x86.Build.0 = Debug|Any CPU
		{22779E96-782E-4EC3-9D2D-E53892AF65A2}.Release|Any CPU.ActiveCfg = Release|Any CPU
		{22779E96-782E-4EC3-9D2D-E53892AF65A2}.Release|Any CPU.Build.0 = Release|Any CPU
		{22779E96-782E-4EC3-9D2D-E53892AF65A2}.Release|x86.ActiveCfg = Release|Any CPU
		{22779E96-782E-4EC3-9D2D-E53892AF65A2}.Release|x86.Build.0 = Release|Any CPU
		{4DA264D2-FC28-4358-B7FA-D45D4A9C653F}.Debug|Any CPU.ActiveCfg = Debug|Any CPU
		{4DA264D2-FC28-4358-B7FA-D45D4A9C653F}.Debug|Any CPU.Build.0 = Debug|Any CPU
		{4DA264D2-FC28-4358-B7FA-D45D4A9C653F}.Debug|x86.ActiveCfg = Debug|Any CPU
		{4DA264D2-FC28-4358-B7FA-D45D4A9C653F}.Debug|x86.Build.0 = Debug|Any CPU
		{4DA264D2-FC28-4358-B7FA-D45D4A9C653F}.Release|Any CPU.ActiveCfg = Release|Any CPU
		{4DA264D2-FC28-4358-B7FA-D45D4A9C653F}.Release|Any CPU.Build.0 = Release|Any CPU
		{4DA264D2-FC28-4358-B7FA-D45D4A9C653F}.Release|x86.ActiveCfg = Release|Any CPU
		{4DA264D2-FC28-4358-B7FA-D45D4A9C653F}.Release|x86.Build.0 = Release|Any CPU
		{CC990B92-7C53-4058-B68A-2D300C6881D9}.Debug|Any CPU.ActiveCfg = Debug|Any CPU
		{CC990B92-7C53-4058-B68A-2D300C6881D9}.Debug|Any CPU.Build.0 = Debug|Any CPU
		{CC990B92-7C53-4058-B68A-2D300C6881D9}.Debug|x86.ActiveCfg = Debug|Any CPU
		{CC990B92-7C53-4058-B68A-2D300C6881D9}.Debug|x86.Build.0 = Debug|Any CPU
		{CC990B92-7C53-4058-B68A-2D300C6881D9}.Release|Any CPU.ActiveCfg = Release|Any CPU
		{CC990B92-7C53-4058-B68A-2D300C6881D9}.Release|Any CPU.Build.0 = Release|Any CPU
		{CC990B92-7C53-4058-B68A-2D300C6881D9}.Release|x86.ActiveCfg = Release|Any CPU
		{CC990B92-7C53-4058-B68A-2D300C6881D9}.Release|x86.Build.0 = Release|Any CPU
		{D2D8CF21-F2EA-417A-8F39-0A771E75C418}.Debug|Any CPU.ActiveCfg = Debug|Any CPU
		{D2D8CF21-F2EA-417A-8F39-0A771E75C418}.Debug|Any CPU.Build.0 = Debug|Any CPU
		{D2D8CF21-F2EA-417A-8F39-0A771E75C418}.Debug|x86.ActiveCfg = Debug|Any CPU
		{D2D8CF21-F2EA-417A-8F39-0A771E75C418}.Debug|x86.Build.0 = Debug|Any CPU
		{D2D8CF21-F2EA-417A-8F39-0A771E75C418}.Release|Any CPU.ActiveCfg = Release|Any CPU
		{D2D8CF21-F2EA-417A-8F39-0A771E75C418}.Release|Any CPU.Build.0 = Release|Any CPU
		{D2D8CF21-F2EA-417A-8F39-0A771E75C418}.Release|x86.ActiveCfg = Release|Any CPU
		{D2D8CF21-F2EA-417A-8F39-0A771E75C418}.Release|x86.Build.0 = Release|Any CPU
		{53FBF91E-D146-4B6F-873E-A96518ED5814}.Debug|Any CPU.ActiveCfg = Debug|Any CPU
		{53FBF91E-D146-4B6F-873E-A96518ED5814}.Debug|Any CPU.Build.0 = Debug|Any CPU
		{53FBF91E-D146-4B6F-873E-A96518ED5814}.Debug|x86.ActiveCfg = Debug|Any CPU
		{53FBF91E-D146-4B6F-873E-A96518ED5814}.Debug|x86.Build.0 = Debug|Any CPU
		{53FBF91E-D146-4B6F-873E-A96518ED5814}.Release|Any CPU.ActiveCfg = Release|Any CPU
		{53FBF91E-D146-4B6F-873E-A96518ED5814}.Release|Any CPU.Build.0 = Release|Any CPU
		{53FBF91E-D146-4B6F-873E-A96518ED5814}.Release|x86.ActiveCfg = Release|Any CPU
		{53FBF91E-D146-4B6F-873E-A96518ED5814}.Release|x86.Build.0 = Release|Any CPU
		{A8F33B5F-4002-4D01-98DE-D073CF56371C}.Debug|Any CPU.ActiveCfg = Debug|Any CPU
		{A8F33B5F-4002-4D01-98DE-D073CF56371C}.Debug|Any CPU.Build.0 = Debug|Any CPU
		{A8F33B5F-4002-4D01-98DE-D073CF56371C}.Debug|x86.ActiveCfg = Debug|Any CPU
		{A8F33B5F-4002-4D01-98DE-D073CF56371C}.Debug|x86.Build.0 = Debug|Any CPU
		{A8F33B5F-4002-4D01-98DE-D073CF56371C}.Release|Any CPU.ActiveCfg = Release|Any CPU
		{A8F33B5F-4002-4D01-98DE-D073CF56371C}.Release|Any CPU.Build.0 = Release|Any CPU
		{A8F33B5F-4002-4D01-98DE-D073CF56371C}.Release|x86.ActiveCfg = Release|Any CPU
		{A8F33B5F-4002-4D01-98DE-D073CF56371C}.Release|x86.Build.0 = Release|Any CPU
		{F661DC5E-4407-4989-865B-F3B97A9EAB76}.Debug|Any CPU.ActiveCfg = Debug|Any CPU
		{F661DC5E-4407-4989-865B-F3B97A9EAB76}.Debug|Any CPU.Build.0 = Debug|Any CPU
		{F661DC5E-4407-4989-865B-F3B97A9EAB76}.Debug|x86.ActiveCfg = Debug|Any CPU
		{F661DC5E-4407-4989-865B-F3B97A9EAB76}.Debug|x86.Build.0 = Debug|Any CPU
		{F661DC5E-4407-4989-865B-F3B97A9EAB76}.Release|Any CPU.ActiveCfg = Release|Any CPU
		{F661DC5E-4407-4989-865B-F3B97A9EAB76}.Release|Any CPU.Build.0 = Release|Any CPU
		{F661DC5E-4407-4989-865B-F3B97A9EAB76}.Release|x86.ActiveCfg = Release|Any CPU
		{F661DC5E-4407-4989-865B-F3B97A9EAB76}.Release|x86.Build.0 = Release|Any CPU
		{157A583C-4CE3-42CE-8D53-9D31A9A7A38A}.Debug|Any CPU.ActiveCfg = Debug|Any CPU
		{157A583C-4CE3-42CE-8D53-9D31A9A7A38A}.Debug|Any CPU.Build.0 = Debug|Any CPU
		{157A583C-4CE3-42CE-8D53-9D31A9A7A38A}.Debug|x86.ActiveCfg = Debug|Any CPU
		{157A583C-4CE3-42CE-8D53-9D31A9A7A38A}.Debug|x86.Build.0 = Debug|Any CPU
		{157A583C-4CE3-42CE-8D53-9D31A9A7A38A}.Release|Any CPU.ActiveCfg = Release|Any CPU
		{157A583C-4CE3-42CE-8D53-9D31A9A7A38A}.Release|Any CPU.Build.0 = Release|Any CPU
		{157A583C-4CE3-42CE-8D53-9D31A9A7A38A}.Release|x86.ActiveCfg = Release|Any CPU
		{157A583C-4CE3-42CE-8D53-9D31A9A7A38A}.Release|x86.Build.0 = Release|Any CPU
		{98B2E296-2D23-4C76-8490-CA8E7A3F63EF}.Debug|Any CPU.ActiveCfg = Debug|Any CPU
		{98B2E296-2D23-4C76-8490-CA8E7A3F63EF}.Debug|Any CPU.Build.0 = Debug|Any CPU
		{98B2E296-2D23-4C76-8490-CA8E7A3F63EF}.Debug|x86.ActiveCfg = Debug|Any CPU
		{98B2E296-2D23-4C76-8490-CA8E7A3F63EF}.Debug|x86.Build.0 = Debug|Any CPU
		{98B2E296-2D23-4C76-8490-CA8E7A3F63EF}.Release|Any CPU.ActiveCfg = Release|Any CPU
		{98B2E296-2D23-4C76-8490-CA8E7A3F63EF}.Release|Any CPU.Build.0 = Release|Any CPU
		{98B2E296-2D23-4C76-8490-CA8E7A3F63EF}.Release|x86.ActiveCfg = Release|Any CPU
		{98B2E296-2D23-4C76-8490-CA8E7A3F63EF}.Release|x86.Build.0 = Release|Any CPU
		{08982D3E-1ABB-4FD5-9552-6200A99BC8C1}.Debug|Any CPU.ActiveCfg = Debug|Any CPU
		{08982D3E-1ABB-4FD5-9552-6200A99BC8C1}.Debug|Any CPU.Build.0 = Debug|Any CPU
		{08982D3E-1ABB-4FD5-9552-6200A99BC8C1}.Debug|x86.ActiveCfg = Debug|Any CPU
		{08982D3E-1ABB-4FD5-9552-6200A99BC8C1}.Debug|x86.Build.0 = Debug|Any CPU
		{08982D3E-1ABB-4FD5-9552-6200A99BC8C1}.Release|Any CPU.ActiveCfg = Release|Any CPU
		{08982D3E-1ABB-4FD5-9552-6200A99BC8C1}.Release|Any CPU.Build.0 = Release|Any CPU
		{08982D3E-1ABB-4FD5-9552-6200A99BC8C1}.Release|x86.ActiveCfg = Release|Any CPU
		{08982D3E-1ABB-4FD5-9552-6200A99BC8C1}.Release|x86.Build.0 = Release|Any CPU
		{56FD8D72-6EE1-46C8-ADD6-C19DA3CCFFE5}.Debug|Any CPU.ActiveCfg = Debug|x86
		{56FD8D72-6EE1-46C8-ADD6-C19DA3CCFFE5}.Debug|x86.ActiveCfg = Debug|x86
		{56FD8D72-6EE1-46C8-ADD6-C19DA3CCFFE5}.Debug|x86.Build.0 = Debug|x86
		{56FD8D72-6EE1-46C8-ADD6-C19DA3CCFFE5}.Release|Any CPU.ActiveCfg = Release|x86
		{56FD8D72-6EE1-46C8-ADD6-C19DA3CCFFE5}.Release|x86.ActiveCfg = Release|x86
		{56FD8D72-6EE1-46C8-ADD6-C19DA3CCFFE5}.Release|x86.Build.0 = Release|x86
		{A7C91D82-A4F9-4C4E-859A-BF4E025138FA}.Debug|Any CPU.ActiveCfg = Debug|Any CPU
		{A7C91D82-A4F9-4C4E-859A-BF4E025138FA}.Debug|Any CPU.Build.0 = Debug|Any CPU
		{A7C91D82-A4F9-4C4E-859A-BF4E025138FA}.Debug|x86.ActiveCfg = Debug|Any CPU
		{A7C91D82-A4F9-4C4E-859A-BF4E025138FA}.Debug|x86.Build.0 = Debug|Any CPU
		{A7C91D82-A4F9-4C4E-859A-BF4E025138FA}.Release|Any CPU.ActiveCfg = Release|Any CPU
		{A7C91D82-A4F9-4C4E-859A-BF4E025138FA}.Release|Any CPU.Build.0 = Release|Any CPU
		{A7C91D82-A4F9-4C4E-859A-BF4E025138FA}.Release|x86.ActiveCfg = Release|Any CPU
		{A7C91D82-A4F9-4C4E-859A-BF4E025138FA}.Release|x86.Build.0 = Release|Any CPU
		{A87CE9CF-D850-46C4-B2DF-F94894E0A97F}.Debug|Any CPU.ActiveCfg = Debug|Any CPU
		{A87CE9CF-D850-46C4-B2DF-F94894E0A97F}.Debug|Any CPU.Build.0 = Debug|Any CPU
		{A87CE9CF-D850-46C4-B2DF-F94894E0A97F}.Debug|x86.ActiveCfg = Debug|Any CPU
		{A87CE9CF-D850-46C4-B2DF-F94894E0A97F}.Debug|x86.Build.0 = Debug|Any CPU
		{A87CE9CF-D850-46C4-B2DF-F94894E0A97F}.Release|Any CPU.ActiveCfg = Release|Any CPU
		{A87CE9CF-D850-46C4-B2DF-F94894E0A97F}.Release|Any CPU.Build.0 = Release|Any CPU
		{A87CE9CF-D850-46C4-B2DF-F94894E0A97F}.Release|x86.ActiveCfg = Release|Any CPU
		{A87CE9CF-D850-46C4-B2DF-F94894E0A97F}.Release|x86.Build.0 = Release|Any CPU
		{BB452965-4C8E-4BC8-9370-A29393581617}.Debug|Any CPU.ActiveCfg = Debug|Any CPU
		{BB452965-4C8E-4BC8-9370-A29393581617}.Debug|Any CPU.Build.0 = Debug|Any CPU
		{BB452965-4C8E-4BC8-9370-A29393581617}.Debug|x86.ActiveCfg = Debug|Any CPU
		{BB452965-4C8E-4BC8-9370-A29393581617}.Debug|x86.Build.0 = Debug|Any CPU
		{BB452965-4C8E-4BC8-9370-A29393581617}.Release|Any CPU.ActiveCfg = Release|Any CPU
		{BB452965-4C8E-4BC8-9370-A29393581617}.Release|Any CPU.Build.0 = Release|Any CPU
		{BB452965-4C8E-4BC8-9370-A29393581617}.Release|x86.ActiveCfg = Release|Any CPU
		{BB452965-4C8E-4BC8-9370-A29393581617}.Release|x86.Build.0 = Release|Any CPU
		{6AD0179E-1692-4C54-B13F-7865CDF5B395}.Debug|Any CPU.ActiveCfg = Debug|x86
		{6AD0179E-1692-4C54-B13F-7865CDF5B395}.Debug|x86.ActiveCfg = Debug|x86
		{6AD0179E-1692-4C54-B13F-7865CDF5B395}.Debug|x86.Build.0 = Debug|x86
		{6AD0179E-1692-4C54-B13F-7865CDF5B395}.Release|Any CPU.ActiveCfg = Release|x86
		{6AD0179E-1692-4C54-B13F-7865CDF5B395}.Release|x86.ActiveCfg = Release|x86
		{6AD0179E-1692-4C54-B13F-7865CDF5B395}.Release|x86.Build.0 = Release|x86
		{5210B13C-A535-41A0-B260-85C1FF8DB5C6}.Debug|Any CPU.ActiveCfg = Debug|Any CPU
		{5210B13C-A535-41A0-B260-85C1FF8DB5C6}.Debug|Any CPU.Build.0 = Debug|Any CPU
		{5210B13C-A535-41A0-B260-85C1FF8DB5C6}.Debug|x86.ActiveCfg = Debug|Any CPU
		{5210B13C-A535-41A0-B260-85C1FF8DB5C6}.Debug|x86.Build.0 = Debug|Any CPU
		{5210B13C-A535-41A0-B260-85C1FF8DB5C6}.Release|Any CPU.ActiveCfg = Release|Any CPU
		{5210B13C-A535-41A0-B260-85C1FF8DB5C6}.Release|Any CPU.Build.0 = Release|Any CPU
		{5210B13C-A535-41A0-B260-85C1FF8DB5C6}.Release|x86.ActiveCfg = Release|Any CPU
		{5210B13C-A535-41A0-B260-85C1FF8DB5C6}.Release|x86.Build.0 = Release|Any CPU
		{6CA15692-7330-4AAC-93A2-8B10A63A13FC}.Debug|Any CPU.ActiveCfg = Debug|Any CPU
		{6CA15692-7330-4AAC-93A2-8B10A63A13FC}.Debug|Any CPU.Build.0 = Debug|Any CPU
		{6CA15692-7330-4AAC-93A2-8B10A63A13FC}.Debug|x86.ActiveCfg = Debug|Any CPU
		{6CA15692-7330-4AAC-93A2-8B10A63A13FC}.Debug|x86.Build.0 = Debug|Any CPU
		{6CA15692-7330-4AAC-93A2-8B10A63A13FC}.Release|Any CPU.ActiveCfg = Release|Any CPU
		{6CA15692-7330-4AAC-93A2-8B10A63A13FC}.Release|Any CPU.Build.0 = Release|Any CPU
		{6CA15692-7330-4AAC-93A2-8B10A63A13FC}.Release|x86.ActiveCfg = Release|Any CPU
		{6CA15692-7330-4AAC-93A2-8B10A63A13FC}.Release|x86.Build.0 = Release|Any CPU
		{56A4A56E-0459-44F7-87C0-C639F18E8A33}.Debug|Any CPU.ActiveCfg = Debug|Any CPU
		{56A4A56E-0459-44F7-87C0-C639F18E8A33}.Debug|Any CPU.Build.0 = Debug|Any CPU
		{56A4A56E-0459-44F7-87C0-C639F18E8A33}.Debug|x86.ActiveCfg = Debug|Any CPU
		{56A4A56E-0459-44F7-87C0-C639F18E8A33}.Debug|x86.Build.0 = Debug|Any CPU
		{56A4A56E-0459-44F7-87C0-C639F18E8A33}.Release|Any CPU.ActiveCfg = Release|Any CPU
		{56A4A56E-0459-44F7-87C0-C639F18E8A33}.Release|Any CPU.Build.0 = Release|Any CPU
		{56A4A56E-0459-44F7-87C0-C639F18E8A33}.Release|x86.ActiveCfg = Release|Any CPU
		{56A4A56E-0459-44F7-87C0-C639F18E8A33}.Release|x86.Build.0 = Release|Any CPU
		{477134BC-5743-4FBB-A98D-719DCA29DDE0}.Debug|Any CPU.ActiveCfg = Debug|x86
		{477134BC-5743-4FBB-A98D-719DCA29DDE0}.Debug|x86.ActiveCfg = Debug|x86
		{477134BC-5743-4FBB-A98D-719DCA29DDE0}.Debug|x86.Build.0 = Debug|x86
		{477134BC-5743-4FBB-A98D-719DCA29DDE0}.Release|Any CPU.ActiveCfg = Release|x86
		{477134BC-5743-4FBB-A98D-719DCA29DDE0}.Release|x86.ActiveCfg = Release|x86
		{477134BC-5743-4FBB-A98D-719DCA29DDE0}.Release|x86.Build.0 = Release|x86
		{ECC1177B-3056-458C-8815-43DE392D0800}.Debug|Any CPU.ActiveCfg = Debug|Any CPU
		{ECC1177B-3056-458C-8815-43DE392D0800}.Debug|Any CPU.Build.0 = Debug|Any CPU
		{ECC1177B-3056-458C-8815-43DE392D0800}.Debug|x86.ActiveCfg = Debug|Any CPU
		{ECC1177B-3056-458C-8815-43DE392D0800}.Debug|x86.Build.0 = Debug|Any CPU
		{ECC1177B-3056-458C-8815-43DE392D0800}.Release|Any CPU.ActiveCfg = Release|Any CPU
		{ECC1177B-3056-458C-8815-43DE392D0800}.Release|Any CPU.Build.0 = Release|Any CPU
		{ECC1177B-3056-458C-8815-43DE392D0800}.Release|x86.ActiveCfg = Release|Any CPU
		{ECC1177B-3056-458C-8815-43DE392D0800}.Release|x86.Build.0 = Release|Any CPU
		{44025155-8613-4994-BFB2-C16A7F0CF9AE}.Debug|Any CPU.ActiveCfg = Debug|Any CPU
		{44025155-8613-4994-BFB2-C16A7F0CF9AE}.Debug|Any CPU.Build.0 = Debug|Any CPU
		{44025155-8613-4994-BFB2-C16A7F0CF9AE}.Debug|x86.ActiveCfg = Debug|Any CPU
		{44025155-8613-4994-BFB2-C16A7F0CF9AE}.Debug|x86.Build.0 = Debug|Any CPU
		{44025155-8613-4994-BFB2-C16A7F0CF9AE}.Release|Any CPU.ActiveCfg = Release|Any CPU
		{44025155-8613-4994-BFB2-C16A7F0CF9AE}.Release|Any CPU.Build.0 = Release|Any CPU
		{44025155-8613-4994-BFB2-C16A7F0CF9AE}.Release|x86.ActiveCfg = Release|Any CPU
		{44025155-8613-4994-BFB2-C16A7F0CF9AE}.Release|x86.Build.0 = Release|Any CPU
		{C9FCB7F4-C88A-4AE9-88D4-9116820DDF5A}.Debug|Any CPU.ActiveCfg = Debug|Any CPU
		{C9FCB7F4-C88A-4AE9-88D4-9116820DDF5A}.Debug|Any CPU.Build.0 = Debug|Any CPU
		{C9FCB7F4-C88A-4AE9-88D4-9116820DDF5A}.Debug|x86.ActiveCfg = Debug|Any CPU
		{C9FCB7F4-C88A-4AE9-88D4-9116820DDF5A}.Debug|x86.Build.0 = Debug|Any CPU
		{C9FCB7F4-C88A-4AE9-88D4-9116820DDF5A}.Release|Any CPU.ActiveCfg = Release|Any CPU
		{C9FCB7F4-C88A-4AE9-88D4-9116820DDF5A}.Release|Any CPU.Build.0 = Release|Any CPU
		{C9FCB7F4-C88A-4AE9-88D4-9116820DDF5A}.Release|x86.ActiveCfg = Release|Any CPU
		{C9FCB7F4-C88A-4AE9-88D4-9116820DDF5A}.Release|x86.Build.0 = Release|Any CPU
		{30016327-8544-4255-9E05-C2E5F8BE0BB0}.Debug|Any CPU.ActiveCfg = Debug|Any CPU
		{30016327-8544-4255-9E05-C2E5F8BE0BB0}.Debug|Any CPU.Build.0 = Debug|Any CPU
		{30016327-8544-4255-9E05-C2E5F8BE0BB0}.Debug|x86.ActiveCfg = Debug|Any CPU
		{30016327-8544-4255-9E05-C2E5F8BE0BB0}.Debug|x86.Build.0 = Debug|Any CPU
		{30016327-8544-4255-9E05-C2E5F8BE0BB0}.Release|Any CPU.ActiveCfg = Release|Any CPU
		{30016327-8544-4255-9E05-C2E5F8BE0BB0}.Release|Any CPU.Build.0 = Release|Any CPU
		{30016327-8544-4255-9E05-C2E5F8BE0BB0}.Release|x86.ActiveCfg = Release|Any CPU
		{30016327-8544-4255-9E05-C2E5F8BE0BB0}.Release|x86.Build.0 = Release|Any CPU
		{8A5EC847-5D87-43C5-835B-57C572094C36}.Debug|Any CPU.ActiveCfg = Debug|Any CPU
		{8A5EC847-5D87-43C5-835B-57C572094C36}.Debug|Any CPU.Build.0 = Debug|Any CPU
		{8A5EC847-5D87-43C5-835B-57C572094C36}.Debug|x86.ActiveCfg = Debug|Any CPU
		{8A5EC847-5D87-43C5-835B-57C572094C36}.Debug|x86.Build.0 = Debug|Any CPU
		{8A5EC847-5D87-43C5-835B-57C572094C36}.Release|Any CPU.ActiveCfg = Release|Any CPU
		{8A5EC847-5D87-43C5-835B-57C572094C36}.Release|Any CPU.Build.0 = Release|Any CPU
		{8A5EC847-5D87-43C5-835B-57C572094C36}.Release|x86.ActiveCfg = Release|Any CPU
		{8A5EC847-5D87-43C5-835B-57C572094C36}.Release|x86.Build.0 = Release|Any CPU
		{5393BA4B-6F33-4DC3-8A81-22A21FAF2C4F}.Debug|Any CPU.ActiveCfg = Debug|Any CPU
		{5393BA4B-6F33-4DC3-8A81-22A21FAF2C4F}.Debug|Any CPU.Build.0 = Debug|Any CPU
		{5393BA4B-6F33-4DC3-8A81-22A21FAF2C4F}.Debug|x86.ActiveCfg = Debug|Any CPU
		{5393BA4B-6F33-4DC3-8A81-22A21FAF2C4F}.Debug|x86.Build.0 = Debug|Any CPU
		{5393BA4B-6F33-4DC3-8A81-22A21FAF2C4F}.Release|Any CPU.ActiveCfg = Release|Any CPU
		{5393BA4B-6F33-4DC3-8A81-22A21FAF2C4F}.Release|Any CPU.Build.0 = Release|Any CPU
		{5393BA4B-6F33-4DC3-8A81-22A21FAF2C4F}.Release|x86.ActiveCfg = Release|Any CPU
		{5393BA4B-6F33-4DC3-8A81-22A21FAF2C4F}.Release|x86.Build.0 = Release|Any CPU
	EndGlobalSection
	GlobalSection(SolutionProperties) = preSolution
		HideSolutionNode = FALSE
	EndGlobalSection
	GlobalSection(NestedProjects) = preSolution
		{4D7B7A6D-4121-4940-8F28-2D8D3502F0BC} = {10C4BEFB-0B05-472D-822E-AF6631886DCE}
		{E73D0CDF-7252-4FA3-BBB5-E002A502EE68} = {10C4BEFB-0B05-472D-822E-AF6631886DCE}
		{6AFB1C74-B173-463E-B447-FEAD8AEEAA21} = {10C4BEFB-0B05-472D-822E-AF6631886DCE}
		{F84F19F4-96BF-4FB5-980C-DD35E89EF6B7} = {10C4BEFB-0B05-472D-822E-AF6631886DCE}
		{5C1FBAD0-3EF9-4B8A-8E32-F840393C91B1} = {10C4BEFB-0B05-472D-822E-AF6631886DCE}
		{DFD3C5FA-3F51-479D-86E6-25F5975ECD19} = {10C4BEFB-0B05-472D-822E-AF6631886DCE}
		{B468D521-956A-49C9-B47E-8BBB4760F86D} = {B7CDB18A-D55F-4646-B86E-24D09E355B48}
		{0351F6B3-555D-4828-AE03-976DBE46DF73} = {B7CDB18A-D55F-4646-B86E-24D09E355B48}
		{1C21745D-8AC8-40AB-BA58-6C3E26AE1F32} = {B7CDB18A-D55F-4646-B86E-24D09E355B48}
		{124CB86F-7A3E-4313-B4C2-CB6ABA9F9383} = {B7CDB18A-D55F-4646-B86E-24D09E355B48}
		{870483AF-A235-40B1-A1A2-8BCD26998192} = {A2F02751-4009-4667-BB82-55C528860041}
		{F308CE45-E8F4-4134-BCDD-E10C75D28830} = {A2F02751-4009-4667-BB82-55C528860041}
		{EFDD7E78-8E3E-4675-A879-43ECF3DD0862} = {A2F02751-4009-4667-BB82-55C528860041}
		{17EC02A7-DDAD-4E2E-AA9A-C1FC2392089D} = {A2F02751-4009-4667-BB82-55C528860041}
		{3C2CF5CF-09C9-4446-8968-230FB4BC315C} = {A2F02751-4009-4667-BB82-55C528860041}
		{3BF7A17A-CAD1-47DC-BC4F-F891ABB2CFA7} = {A2F02751-4009-4667-BB82-55C528860041}
		{22779E96-782E-4EC3-9D2D-E53892AF65A2} = {A2F02751-4009-4667-BB82-55C528860041}
		{4DA264D2-FC28-4358-B7FA-D45D4A9C653F} = {A2F02751-4009-4667-BB82-55C528860041}
		{CC990B92-7C53-4058-B68A-2D300C6881D9} = {A2F02751-4009-4667-BB82-55C528860041}
		{D2D8CF21-F2EA-417A-8F39-0A771E75C418} = {A2F02751-4009-4667-BB82-55C528860041}
		{53FBF91E-D146-4B6F-873E-A96518ED5814} = {B7CDB18A-D55F-4646-B86E-24D09E355B48}
		{A8F33B5F-4002-4D01-98DE-D073CF56371C} = {B7CDB18A-D55F-4646-B86E-24D09E355B48}
		{F661DC5E-4407-4989-865B-F3B97A9EAB76} = {B7CDB18A-D55F-4646-B86E-24D09E355B48}
		{157A583C-4CE3-42CE-8D53-9D31A9A7A38A} = {F6694D8E-3A4D-41BD-9D48-40A75E3BDA20}
		{98B2E296-2D23-4C76-8490-CA8E7A3F63EF} = {F6694D8E-3A4D-41BD-9D48-40A75E3BDA20}
		{08982D3E-1ABB-4FD5-9552-6200A99BC8C1} = {F6694D8E-3A4D-41BD-9D48-40A75E3BDA20}
		{56FD8D72-6EE1-46C8-ADD6-C19DA3CCFFE5} = {F6694D8E-3A4D-41BD-9D48-40A75E3BDA20}
		{A7C91D82-A4F9-4C4E-859A-BF4E025138FA} = {F6694D8E-3A4D-41BD-9D48-40A75E3BDA20}
		{A87CE9CF-D850-46C4-B2DF-F94894E0A97F} = {F6694D8E-3A4D-41BD-9D48-40A75E3BDA20}
		{BB452965-4C8E-4BC8-9370-A29393581617} = {F6694D8E-3A4D-41BD-9D48-40A75E3BDA20}
		{6AD0179E-1692-4C54-B13F-7865CDF5B395} = {F6694D8E-3A4D-41BD-9D48-40A75E3BDA20}
		{5210B13C-A535-41A0-B260-85C1FF8DB5C6} = {F6694D8E-3A4D-41BD-9D48-40A75E3BDA20}
		{6CA15692-7330-4AAC-93A2-8B10A63A13FC} = {F6694D8E-3A4D-41BD-9D48-40A75E3BDA20}
		{56A4A56E-0459-44F7-87C0-C639F18E8A33} = {F6694D8E-3A4D-41BD-9D48-40A75E3BDA20}
		{477134BC-5743-4FBB-A98D-719DCA29DDE0} = {F6694D8E-3A4D-41BD-9D48-40A75E3BDA20}
		{ECC1177B-3056-458C-8815-43DE392D0800} = {F6694D8E-3A4D-41BD-9D48-40A75E3BDA20}
		{44025155-8613-4994-BFB2-C16A7F0CF9AE} = {7B811E7B-5488-4714-B7C1-A1B40CD084BA}
		{C9FCB7F4-C88A-4AE9-88D4-9116820DDF5A} = {7B811E7B-5488-4714-B7C1-A1B40CD084BA}
		{30016327-8544-4255-9E05-C2E5F8BE0BB0} = {7B811E7B-5488-4714-B7C1-A1B40CD084BA}
		{8A5EC847-5D87-43C5-835B-57C572094C36} = {7B811E7B-5488-4714-B7C1-A1B40CD084BA}
		{5393BA4B-6F33-4DC3-8A81-22A21FAF2C4F} = {7B811E7B-5488-4714-B7C1-A1B40CD084BA}
	EndGlobalSection
	GlobalSection(ExtensibilityGlobals) = postSolution
		SolutionGuid = {078411D2-3C8D-47A6-83FE-582FF0EE8138}
	EndGlobalSection
EndGlobal
